// !$*UTF8*$!
{
	archiveVersion = 1;
	classes = {
	};
	objectVersion = 56;
	objects = {

/* Begin PBXBuildFile section */
		3D5A7D40CBABF84347AD4C49 /* Pods_ShoppingApp.framework in Frameworks */ = {isa = PBXBuildFile; fileRef = 65DB87F3F7D3CCAB7A962AA4 /* Pods_ShoppingApp.framework */; };
		7E04963D29080B4B00871A10 /* UIStackViewExtension.swift in Sources */ = {isa = PBXBuildFile; fileRef = 7E04963C29080B4B00871A10 /* UIStackViewExtension.swift */; };
		7E5ABDC7290821010072BCD3 /* ProductsCollectionViewCell.swift in Sources */ = {isa = PBXBuildFile; fileRef = 7E5ABDC6290821010072BCD3 /* ProductsCollectionViewCell.swift */; };
		7E8D39C4290FD50C00BE2BB9 /* FirebaseAnalytics in Frameworks */ = {isa = PBXBuildFile; productRef = 7E8D39C3290FD50C00BE2BB9 /* FirebaseAnalytics */; };
		7E8D39C6290FD50C00BE2BB9 /* FirebaseAuth in Frameworks */ = {isa = PBXBuildFile; productRef = 7E8D39C5290FD50C00BE2BB9 /* FirebaseAuth */; };
		7E8D39C8290FD50C00BE2BB9 /* FirebaseDatabase in Frameworks */ = {isa = PBXBuildFile; productRef = 7E8D39C7290FD50C00BE2BB9 /* FirebaseDatabase */; };
		7E8D39CB290FD5A200BE2BB9 /* FacebookLogin in Frameworks */ = {isa = PBXBuildFile; productRef = 7E8D39CA290FD5A200BE2BB9 /* FacebookLogin */; };
		7E8D39CD290FD5A200BE2BB9 /* FacebookShare in Frameworks */ = {isa = PBXBuildFile; productRef = 7E8D39CC290FD5A200BE2BB9 /* FacebookShare */; };
		7E8D39D0290FD61700BE2BB9 /* SwiftyJSON in Frameworks */ = {isa = PBXBuildFile; productRef = 7E8D39CF290FD61700BE2BB9 /* SwiftyJSON */; };
		7E8D39D3290FDB1C00BE2BB9 /* IQKeyboardManagerSwift in Frameworks */ = {isa = PBXBuildFile; productRef = 7E8D39D2290FDB1C00BE2BB9 /* IQKeyboardManagerSwift */; };
		7E8D39D5290FE0F700BE2BB9 /* UITextFieldExtension.swift in Sources */ = {isa = PBXBuildFile; fileRef = 7E8D39D4290FE0F700BE2BB9 /* UITextFieldExtension.swift */; };
		7E8D39D7290FF4DC00BE2BB9 /* registerViewController.swift in Sources */ = {isa = PBXBuildFile; fileRef = 7E8D39D6290FF4DC00BE2BB9 /* registerViewController.swift */; };
		7EB867902900335D00502692 /* AppDelegate.swift in Sources */ = {isa = PBXBuildFile; fileRef = 7EB8678F2900335D00502692 /* AppDelegate.swift */; };
		7EB867922900335D00502692 /* SceneDelegate.swift in Sources */ = {isa = PBXBuildFile; fileRef = 7EB867912900335D00502692 /* SceneDelegate.swift */; };
		7EB867972900335D00502692 /* Main.storyboard in Resources */ = {isa = PBXBuildFile; fileRef = 7EB867952900335D00502692 /* Main.storyboard */; };
		7EB8679A2900335D00502692 /* ShoppingApp.xcdatamodeld in Sources */ = {isa = PBXBuildFile; fileRef = 7EB867982900335D00502692 /* ShoppingApp.xcdatamodeld */; };
		7EB8679C2900336000502692 /* Assets.xcassets in Resources */ = {isa = PBXBuildFile; fileRef = 7EB8679B2900336000502692 /* Assets.xcassets */; };
		7EB8679F2900336000502692 /* LaunchScreen.storyboard in Resources */ = {isa = PBXBuildFile; fileRef = 7EB8679D2900336000502692 /* LaunchScreen.storyboard */; };
		7EB867AA2900336000502692 /* ShoppingAppTests.swift in Sources */ = {isa = PBXBuildFile; fileRef = 7EB867A92900336000502692 /* ShoppingAppTests.swift */; };
		7EB867B42900336000502692 /* ShoppingAppUITests.swift in Sources */ = {isa = PBXBuildFile; fileRef = 7EB867B32900336000502692 /* ShoppingAppUITests.swift */; };
		7EB867B62900336000502692 /* ShoppingAppUITestsLaunchTests.swift in Sources */ = {isa = PBXBuildFile; fileRef = 7EB867B52900336000502692 /* ShoppingAppUITestsLaunchTests.swift */; };
		7EE53BAD290A871300BE1505 /* Category+CoreDataClass.swift in Sources */ = {isa = PBXBuildFile; fileRef = 7EE53BA9290A871300BE1505 /* Category+CoreDataClass.swift */; };
		7EE53BAE290A871300BE1505 /* Category+CoreDataProperties.swift in Sources */ = {isa = PBXBuildFile; fileRef = 7EE53BAA290A871300BE1505 /* Category+CoreDataProperties.swift */; };
		7EE53BAF290A871300BE1505 /* Product+CoreDataClass.swift in Sources */ = {isa = PBXBuildFile; fileRef = 7EE53BAB290A871300BE1505 /* Product+CoreDataClass.swift */; };
		7EE53BB0290A871300BE1505 /* Product+CoreDataProperties.swift in Sources */ = {isa = PBXBuildFile; fileRef = 7EE53BAC290A871300BE1505 /* Product+CoreDataProperties.swift */; };
		7EE53BB2290BB9FD00BE1505 /* ProfileViewController.swift in Sources */ = {isa = PBXBuildFile; fileRef = 7EE53BB1290BB9FD00BE1505 /* ProfileViewController.swift */; };
		7EFA9C5F290287A100BFEA13 /* CoreDataManager.swift in Sources */ = {isa = PBXBuildFile; fileRef = 7EFA9C5E290287A100BFEA13 /* CoreDataManager.swift */; };
		7EFA9CA62906869E00BFEA13 /* HomeViewController.swift in Sources */ = {isa = PBXBuildFile; fileRef = 7EFA9CA52906869E00BFEA13 /* HomeViewController.swift */; };
		7EFA9CA829068BE100BFEA13 /* CategoryCollectionViewCell.swift in Sources */ = {isa = PBXBuildFile; fileRef = 7EFA9CA729068BE100BFEA13 /* CategoryCollectionViewCell.swift */; };
		7EFA9CAB2906A34800BFEA13 /* Category.json in Resources */ = {isa = PBXBuildFile; fileRef = 7EFA9CAA2906A34800BFEA13 /* Category.json */; };
		7EFA9CAD2906A35100BFEA13 /* Products.json in Resources */ = {isa = PBXBuildFile; fileRef = 7EFA9CAC2906A35100BFEA13 /* Products.json */; };
		7EFF1E0C2907C71C002A9F8A /* GoogleService-Info.plist in Resources */ = {isa = PBXBuildFile; fileRef = 7EFF1E0B2907C71B002A9F8A /* GoogleService-Info.plist */; };
		7EFF1E1A2907E590002A9F8A /* LoginViewController.swift in Sources */ = {isa = PBXBuildFile; fileRef = 7EFF1E192907E590002A9F8A /* LoginViewController.swift */; };
		E3D53B12571D072B88D0F7C9 /* Pods_ShoppingAppTests.framework in Frameworks */ = {isa = PBXBuildFile; fileRef = AB4E578022C06FE201B431AF /* Pods_ShoppingAppTests.framework */; };
		F66B812BE5D6F6F0096A60EF /* Pods_ShoppingApp_ShoppingAppUITests.framework in Frameworks */ = {isa = PBXBuildFile; fileRef = 62866F25B7AB6014D0977D77 /* Pods_ShoppingApp_ShoppingAppUITests.framework */; };
/* End PBXBuildFile section */

/* Begin PBXContainerItemProxy section */
		7EB867A62900336000502692 /* PBXContainerItemProxy */ = {
			isa = PBXContainerItemProxy;
			containerPortal = 7EB867842900335D00502692 /* Project object */;
			proxyType = 1;
			remoteGlobalIDString = 7EB8678B2900335D00502692;
			remoteInfo = ShoppingApp;
		};
		7EB867B02900336000502692 /* PBXContainerItemProxy */ = {
			isa = PBXContainerItemProxy;
			containerPortal = 7EB867842900335D00502692 /* Project object */;
			proxyType = 1;
			remoteGlobalIDString = 7EB8678B2900335D00502692;
			remoteInfo = ShoppingApp;
		};
/* End PBXContainerItemProxy section */

/* Begin PBXFileReference section */
		04E5C7F2D48069BD9FF1F104 /* Pods-ShoppingApp.release.xcconfig */ = {isa = PBXFileReference; includeInIndex = 1; lastKnownFileType = text.xcconfig; name = "Pods-ShoppingApp.release.xcconfig"; path = "Target Support Files/Pods-ShoppingApp/Pods-ShoppingApp.release.xcconfig"; sourceTree = "<group>"; };
		24444BD26EDF7DD4AE3AFDDD /* Pods-ShoppingApp.debug.xcconfig */ = {isa = PBXFileReference; includeInIndex = 1; lastKnownFileType = text.xcconfig; name = "Pods-ShoppingApp.debug.xcconfig"; path = "Target Support Files/Pods-ShoppingApp/Pods-ShoppingApp.debug.xcconfig"; sourceTree = "<group>"; };
		2C0B21B5C400A6D79C20A73B /* Pods-ShoppingAppTests.debug.xcconfig */ = {isa = PBXFileReference; includeInIndex = 1; lastKnownFileType = text.xcconfig; name = "Pods-ShoppingAppTests.debug.xcconfig"; path = "Target Support Files/Pods-ShoppingAppTests/Pods-ShoppingAppTests.debug.xcconfig"; sourceTree = "<group>"; };
		62866F25B7AB6014D0977D77 /* Pods_ShoppingApp_ShoppingAppUITests.framework */ = {isa = PBXFileReference; explicitFileType = wrapper.framework; includeInIndex = 0; path = Pods_ShoppingApp_ShoppingAppUITests.framework; sourceTree = BUILT_PRODUCTS_DIR; };
		62FE1A9FFFCE073C694D3473 /* Pods-ShoppingAppTests.release.xcconfig */ = {isa = PBXFileReference; includeInIndex = 1; lastKnownFileType = text.xcconfig; name = "Pods-ShoppingAppTests.release.xcconfig"; path = "Target Support Files/Pods-ShoppingAppTests/Pods-ShoppingAppTests.release.xcconfig"; sourceTree = "<group>"; };
		65DB87F3F7D3CCAB7A962AA4 /* Pods_ShoppingApp.framework */ = {isa = PBXFileReference; explicitFileType = wrapper.framework; includeInIndex = 0; path = Pods_ShoppingApp.framework; sourceTree = BUILT_PRODUCTS_DIR; };
		7E04963C29080B4B00871A10 /* UIStackViewExtension.swift */ = {isa = PBXFileReference; lastKnownFileType = sourcecode.swift; path = UIStackViewExtension.swift; sourceTree = "<group>"; };
		7E5ABDC6290821010072BCD3 /* ProductsCollectionViewCell.swift */ = {isa = PBXFileReference; lastKnownFileType = sourcecode.swift; path = ProductsCollectionViewCell.swift; sourceTree = "<group>"; };
		7E8D39D4290FE0F700BE2BB9 /* UITextFieldExtension.swift */ = {isa = PBXFileReference; lastKnownFileType = sourcecode.swift; path = UITextFieldExtension.swift; sourceTree = "<group>"; };
		7E8D39D6290FF4DC00BE2BB9 /* registerViewController.swift */ = {isa = PBXFileReference; lastKnownFileType = sourcecode.swift; path = registerViewController.swift; sourceTree = "<group>"; };
		7EB8678C2900335D00502692 /* ShoppingApp.app */ = {isa = PBXFileReference; explicitFileType = wrapper.application; includeInIndex = 0; path = ShoppingApp.app; sourceTree = BUILT_PRODUCTS_DIR; };
		7EB8678F2900335D00502692 /* AppDelegate.swift */ = {isa = PBXFileReference; lastKnownFileType = sourcecode.swift; path = AppDelegate.swift; sourceTree = "<group>"; };
		7EB867912900335D00502692 /* SceneDelegate.swift */ = {isa = PBXFileReference; lastKnownFileType = sourcecode.swift; path = SceneDelegate.swift; sourceTree = "<group>"; };
		7EB867962900335D00502692 /* Base */ = {isa = PBXFileReference; lastKnownFileType = file.storyboard; name = Base; path = Base.lproj/Main.storyboard; sourceTree = "<group>"; };
		7EB867992900335D00502692 /* ShoppingApp.xcdatamodel */ = {isa = PBXFileReference; lastKnownFileType = wrapper.xcdatamodel; path = ShoppingApp.xcdatamodel; sourceTree = "<group>"; };
		7EB8679B2900336000502692 /* Assets.xcassets */ = {isa = PBXFileReference; lastKnownFileType = folder.assetcatalog; path = Assets.xcassets; sourceTree = "<group>"; };
		7EB8679E2900336000502692 /* Base */ = {isa = PBXFileReference; lastKnownFileType = file.storyboard; name = Base; path = Base.lproj/LaunchScreen.storyboard; sourceTree = "<group>"; };
		7EB867A02900336000502692 /* Info.plist */ = {isa = PBXFileReference; lastKnownFileType = text.plist.xml; path = Info.plist; sourceTree = "<group>"; };
		7EB867A52900336000502692 /* ShoppingAppTests.xctest */ = {isa = PBXFileReference; explicitFileType = wrapper.cfbundle; includeInIndex = 0; path = ShoppingAppTests.xctest; sourceTree = BUILT_PRODUCTS_DIR; };
		7EB867A92900336000502692 /* ShoppingAppTests.swift */ = {isa = PBXFileReference; lastKnownFileType = sourcecode.swift; path = ShoppingAppTests.swift; sourceTree = "<group>"; };
		7EB867AF2900336000502692 /* ShoppingAppUITests.xctest */ = {isa = PBXFileReference; explicitFileType = wrapper.cfbundle; includeInIndex = 0; path = ShoppingAppUITests.xctest; sourceTree = BUILT_PRODUCTS_DIR; };
		7EB867B32900336000502692 /* ShoppingAppUITests.swift */ = {isa = PBXFileReference; lastKnownFileType = sourcecode.swift; path = ShoppingAppUITests.swift; sourceTree = "<group>"; };
		7EB867B52900336000502692 /* ShoppingAppUITestsLaunchTests.swift */ = {isa = PBXFileReference; lastKnownFileType = sourcecode.swift; path = ShoppingAppUITestsLaunchTests.swift; sourceTree = "<group>"; };
		7EE53BA9290A871300BE1505 /* Category+CoreDataClass.swift */ = {isa = PBXFileReference; lastKnownFileType = sourcecode.swift; path = "Category+CoreDataClass.swift"; sourceTree = SOURCE_ROOT; };
		7EE53BAA290A871300BE1505 /* Category+CoreDataProperties.swift */ = {isa = PBXFileReference; lastKnownFileType = sourcecode.swift; path = "Category+CoreDataProperties.swift"; sourceTree = SOURCE_ROOT; };
		7EE53BAB290A871300BE1505 /* Product+CoreDataClass.swift */ = {isa = PBXFileReference; lastKnownFileType = sourcecode.swift; path = "Product+CoreDataClass.swift"; sourceTree = SOURCE_ROOT; };
		7EE53BAC290A871300BE1505 /* Product+CoreDataProperties.swift */ = {isa = PBXFileReference; lastKnownFileType = sourcecode.swift; path = "Product+CoreDataProperties.swift"; sourceTree = SOURCE_ROOT; };
		7EE53BB1290BB9FD00BE1505 /* ProfileViewController.swift */ = {isa = PBXFileReference; lastKnownFileType = sourcecode.swift; path = ProfileViewController.swift; sourceTree = "<group>"; };
		7EFA9C5E290287A100BFEA13 /* CoreDataManager.swift */ = {isa = PBXFileReference; lastKnownFileType = sourcecode.swift; path = CoreDataManager.swift; sourceTree = "<group>"; };
		7EFA9CA52906869E00BFEA13 /* HomeViewController.swift */ = {isa = PBXFileReference; lastKnownFileType = sourcecode.swift; path = HomeViewController.swift; sourceTree = "<group>"; };
		7EFA9CA729068BE100BFEA13 /* CategoryCollectionViewCell.swift */ = {isa = PBXFileReference; lastKnownFileType = sourcecode.swift; path = CategoryCollectionViewCell.swift; sourceTree = "<group>"; };
		7EFA9CAA2906A34800BFEA13 /* Category.json */ = {isa = PBXFileReference; fileEncoding = 4; lastKnownFileType = text.json; path = Category.json; sourceTree = "<group>"; };
		7EFA9CAC2906A35100BFEA13 /* Products.json */ = {isa = PBXFileReference; fileEncoding = 4; lastKnownFileType = text.json; path = Products.json; sourceTree = "<group>"; };
		7EFF1E0B2907C71B002A9F8A /* GoogleService-Info.plist */ = {isa = PBXFileReference; fileEncoding = 4; lastKnownFileType = text.plist.xml; path = "GoogleService-Info.plist"; sourceTree = "<group>"; };
		7EFF1E142907E16D002A9F8A /* ShoppingApp.entitlements */ = {isa = PBXFileReference; lastKnownFileType = text.plist.entitlements; path = ShoppingApp.entitlements; sourceTree = "<group>"; };
		7EFF1E192907E590002A9F8A /* LoginViewController.swift */ = {isa = PBXFileReference; lastKnownFileType = sourcecode.swift; path = LoginViewController.swift; sourceTree = "<group>"; };
		AB4E578022C06FE201B431AF /* Pods_ShoppingAppTests.framework */ = {isa = PBXFileReference; explicitFileType = wrapper.framework; includeInIndex = 0; path = Pods_ShoppingAppTests.framework; sourceTree = BUILT_PRODUCTS_DIR; };
		B80F8CA8C702BEEEC56E86A5 /* Pods-ShoppingApp-ShoppingAppUITests.debug.xcconfig */ = {isa = PBXFileReference; includeInIndex = 1; lastKnownFileType = text.xcconfig; name = "Pods-ShoppingApp-ShoppingAppUITests.debug.xcconfig"; path = "Target Support Files/Pods-ShoppingApp-ShoppingAppUITests/Pods-ShoppingApp-ShoppingAppUITests.debug.xcconfig"; sourceTree = "<group>"; };
		C816DDD161D4C58D352ED500 /* Pods-ShoppingApp-ShoppingAppUITests.release.xcconfig */ = {isa = PBXFileReference; includeInIndex = 1; lastKnownFileType = text.xcconfig; name = "Pods-ShoppingApp-ShoppingAppUITests.release.xcconfig"; path = "Target Support Files/Pods-ShoppingApp-ShoppingAppUITests/Pods-ShoppingApp-ShoppingAppUITests.release.xcconfig"; sourceTree = "<group>"; };
/* End PBXFileReference section */

/* Begin PBXFrameworksBuildPhase section */
		7EB867892900335D00502692 /* Frameworks */ = {
			isa = PBXFrameworksBuildPhase;
			buildActionMask = 2147483647;
			files = (
				7E8D39CB290FD5A200BE2BB9 /* FacebookLogin in Frameworks */,
				7E8D39D3290FDB1C00BE2BB9 /* IQKeyboardManagerSwift in Frameworks */,
				7E8D39D0290FD61700BE2BB9 /* SwiftyJSON in Frameworks */,
				7E8D39C4290FD50C00BE2BB9 /* FirebaseAnalytics in Frameworks */,
				7E8D39CD290FD5A200BE2BB9 /* FacebookShare in Frameworks */,
				7E8D39C6290FD50C00BE2BB9 /* FirebaseAuth in Frameworks */,
				7E8D39C8290FD50C00BE2BB9 /* FirebaseDatabase in Frameworks */,
				3D5A7D40CBABF84347AD4C49 /* Pods_ShoppingApp.framework in Frameworks */,
			);
			runOnlyForDeploymentPostprocessing = 0;
		};
		7EB867A22900336000502692 /* Frameworks */ = {
			isa = PBXFrameworksBuildPhase;
			buildActionMask = 2147483647;
			files = (
				E3D53B12571D072B88D0F7C9 /* Pods_ShoppingAppTests.framework in Frameworks */,
			);
			runOnlyForDeploymentPostprocessing = 0;
		};
		7EB867AC2900336000502692 /* Frameworks */ = {
			isa = PBXFrameworksBuildPhase;
			buildActionMask = 2147483647;
			files = (
				F66B812BE5D6F6F0096A60EF /* Pods_ShoppingApp_ShoppingAppUITests.framework in Frameworks */,
			);
			runOnlyForDeploymentPostprocessing = 0;
		};
/* End PBXFrameworksBuildPhase section */

/* Begin PBXGroup section */
		66904B967BD7315C57B4E8D7 /* Pods */ = {
			isa = PBXGroup;
			children = (
				24444BD26EDF7DD4AE3AFDDD /* Pods-ShoppingApp.debug.xcconfig */,
				04E5C7F2D48069BD9FF1F104 /* Pods-ShoppingApp.release.xcconfig */,
				B80F8CA8C702BEEEC56E86A5 /* Pods-ShoppingApp-ShoppingAppUITests.debug.xcconfig */,
				C816DDD161D4C58D352ED500 /* Pods-ShoppingApp-ShoppingAppUITests.release.xcconfig */,
				2C0B21B5C400A6D79C20A73B /* Pods-ShoppingAppTests.debug.xcconfig */,
				62FE1A9FFFCE073C694D3473 /* Pods-ShoppingAppTests.release.xcconfig */,
			);
			path = Pods;
			sourceTree = "<group>";
		};
		7E0496312907F1E400871A10 /* Wishlist */ = {
			isa = PBXGroup;
			children = (
				7E04963A2907F26C00871A10 /* Controller */,
			);
			path = Wishlist;
			sourceTree = "<group>";
		};
		7E0496322907F1EB00871A10 /* Profile */ = {
			isa = PBXGroup;
			children = (
				7E0496382907F25A00871A10 /* Controller */,
			);
			path = Profile;
			sourceTree = "<group>";
		};
		7E0496332907F22100871A10 /* ShoppingCart */ = {
			isa = PBXGroup;
			children = (
				7E0496362907F24E00871A10 /* Controller */,
			);
			path = ShoppingCart;
			sourceTree = "<group>";
		};
		7E0496342907F23F00871A10 /* Categories */ = {
			isa = PBXGroup;
			children = (
				7E0496352907F24800871A10 /* Controller */,
			);
			path = Categories;
			sourceTree = "<group>";
		};
		7E0496352907F24800871A10 /* Controller */ = {
			isa = PBXGroup;
			children = (
			);
			path = Controller;
			sourceTree = "<group>";
		};
		7E0496362907F24E00871A10 /* Controller */ = {
			isa = PBXGroup;
			children = (
			);
			path = Controller;
			sourceTree = "<group>";
		};
		7E0496382907F25A00871A10 /* Controller */ = {
			isa = PBXGroup;
			children = (
				7EE53BB1290BB9FD00BE1505 /* ProfileViewController.swift */,
			);
			path = Controller;
			sourceTree = "<group>";
		};
		7E04963A2907F26C00871A10 /* Controller */ = {
			isa = PBXGroup;
			children = (
			);
			path = Controller;
			sourceTree = "<group>";
		};
		7E04963B29080B2E00871A10 /* Extensions */ = {
			isa = PBXGroup;
			children = (
				7E04963C29080B4B00871A10 /* UIStackViewExtension.swift */,
				7E8D39D4290FE0F700BE2BB9 /* UITextFieldExtension.swift */,
			);
			path = Extensions;
			sourceTree = "<group>";
		};
		7EB867832900335D00502692 = {
			isa = PBXGroup;
			children = (
				7EB8678E2900335D00502692 /* ShoppingApp */,
				7EB867A82900336000502692 /* ShoppingAppTests */,
				7EB867B22900336000502692 /* ShoppingAppUITests */,
				7EB8678D2900335D00502692 /* Products */,
				7EFF1E0A2906D04A002A9F8A /* Frameworks */,
				66904B967BD7315C57B4E8D7 /* Pods */,
			);
			sourceTree = "<group>";
		};
		7EB8678D2900335D00502692 /* Products */ = {
			isa = PBXGroup;
			children = (
				7EB8678C2900335D00502692 /* ShoppingApp.app */,
				7EB867A52900336000502692 /* ShoppingAppTests.xctest */,
				7EB867AF2900336000502692 /* ShoppingAppUITests.xctest */,
			);
			name = Products;
			sourceTree = "<group>";
		};
		7EB8678E2900335D00502692 /* ShoppingApp */ = {
			isa = PBXGroup;
			children = (
				7EE53BA9290A871300BE1505 /* Category+CoreDataClass.swift */,
				7EE53BAA290A871300BE1505 /* Category+CoreDataProperties.swift */,
				7EE53BAB290A871300BE1505 /* Product+CoreDataClass.swift */,
				7EE53BAC290A871300BE1505 /* Product+CoreDataProperties.swift */,
				7E04963B29080B2E00871A10 /* Extensions */,
				7E0496342907F23F00871A10 /* Categories */,
				7E0496332907F22100871A10 /* ShoppingCart */,
				7E0496322907F1EB00871A10 /* Profile */,
				7E0496312907F1E400871A10 /* Wishlist */,
				7EFA9CA02906823E00BFEA13 /* Home */,
				7EFF1E172907E57D002A9F8A /* Login */,
				7EFF1E142907E16D002A9F8A /* ShoppingApp.entitlements */,
				7EFA9CA92906A33300BFEA13 /* Data */,
				7EFA9CA4290685A100BFEA13 /* Helpers */,
				7EFA9C5D2902878B00BFEA13 /* CoreData */,
				7EB867952900335D00502692 /* Main.storyboard */,
				7EB8679B2900336000502692 /* Assets.xcassets */,
				7EB8679D2900336000502692 /* LaunchScreen.storyboard */,
				7EFF1E0B2907C71B002A9F8A /* GoogleService-Info.plist */,
				7EB867A02900336000502692 /* Info.plist */,
			);
			path = ShoppingApp;
			sourceTree = "<group>";
		};
		7EB867A82900336000502692 /* ShoppingAppTests */ = {
			isa = PBXGroup;
			children = (
				7EB867A92900336000502692 /* ShoppingAppTests.swift */,
			);
			path = ShoppingAppTests;
			sourceTree = "<group>";
		};
		7EB867B22900336000502692 /* ShoppingAppUITests */ = {
			isa = PBXGroup;
			children = (
				7EB867B32900336000502692 /* ShoppingAppUITests.swift */,
				7EB867B52900336000502692 /* ShoppingAppUITestsLaunchTests.swift */,
			);
			path = ShoppingAppUITests;
			sourceTree = "<group>";
		};
		7EFA9C5D2902878B00BFEA13 /* CoreData */ = {
			isa = PBXGroup;
			children = (
				7EB867982900335D00502692 /* ShoppingApp.xcdatamodeld */,
				7EFA9C5E290287A100BFEA13 /* CoreDataManager.swift */,
			);
			path = CoreData;
			sourceTree = "<group>";
		};
		7EFA9CA02906823E00BFEA13 /* Home */ = {
			isa = PBXGroup;
			children = (
				7EFA9CA12906826F00BFEA13 /* Controller */,
				7EFA9CA22906827600BFEA13 /* DataSource */,
				7EFA9CA32906859700BFEA13 /* Cell */,
			);
			path = Home;
			sourceTree = "<group>";
		};
		7EFA9CA12906826F00BFEA13 /* Controller */ = {
			isa = PBXGroup;
			children = (
				7EFA9CA52906869E00BFEA13 /* HomeViewController.swift */,
			);
			path = Controller;
			sourceTree = "<group>";
		};
		7EFA9CA22906827600BFEA13 /* DataSource */ = {
			isa = PBXGroup;
			children = (
			);
			path = DataSource;
			sourceTree = "<group>";
		};
		7EFA9CA32906859700BFEA13 /* Cell */ = {
			isa = PBXGroup;
			children = (
				7EFA9CA729068BE100BFEA13 /* CategoryCollectionViewCell.swift */,
				7E5ABDC6290821010072BCD3 /* ProductsCollectionViewCell.swift */,
			);
			path = Cell;
			sourceTree = "<group>";
		};
		7EFA9CA4290685A100BFEA13 /* Helpers */ = {
			isa = PBXGroup;
			children = (
				7EB8678F2900335D00502692 /* AppDelegate.swift */,
				7EB867912900335D00502692 /* SceneDelegate.swift */,
			);
			path = Helpers;
			sourceTree = "<group>";
		};
		7EFA9CA92906A33300BFEA13 /* Data */ = {
			isa = PBXGroup;
			children = (
				7EFA9CAC2906A35100BFEA13 /* Products.json */,
				7EFA9CAA2906A34800BFEA13 /* Category.json */,
			);
			path = Data;
			sourceTree = "<group>";
		};
		7EFF1E0A2906D04A002A9F8A /* Frameworks */ = {
			isa = PBXGroup;
			children = (
				65DB87F3F7D3CCAB7A962AA4 /* Pods_ShoppingApp.framework */,
				62866F25B7AB6014D0977D77 /* Pods_ShoppingApp_ShoppingAppUITests.framework */,
				AB4E578022C06FE201B431AF /* Pods_ShoppingAppTests.framework */,
			);
			name = Frameworks;
			sourceTree = "<group>";
		};
		7EFF1E172907E57D002A9F8A /* Login */ = {
			isa = PBXGroup;
			children = (
				7EFF1E182907E582002A9F8A /* Controller */,
			);
			path = Login;
			sourceTree = "<group>";
		};
		7EFF1E182907E582002A9F8A /* Controller */ = {
			isa = PBXGroup;
			children = (
				7EFF1E192907E590002A9F8A /* LoginViewController.swift */,
				7E8D39D6290FF4DC00BE2BB9 /* registerViewController.swift */,
			);
			path = Controller;
			sourceTree = "<group>";
		};
/* End PBXGroup section */

/* Begin PBXNativeTarget section */
		7EB8678B2900335D00502692 /* ShoppingApp */ = {
			isa = PBXNativeTarget;
			buildConfigurationList = 7EB867B92900336000502692 /* Build configuration list for PBXNativeTarget "ShoppingApp" */;
			buildPhases = (
				EE86760C30A5D17BE11E0CEE /* [CP] Check Pods Manifest.lock */,
				7EB867882900335D00502692 /* Sources */,
				7EB867892900335D00502692 /* Frameworks */,
				7EB8678A2900335D00502692 /* Resources */,
				47A5B0078909E8D9381270F9 /* [CP] Embed Pods Frameworks */,
			);
			buildRules = (
			);
			dependencies = (
			);
			name = ShoppingApp;
			packageProductDependencies = (
				7E8D39C3290FD50C00BE2BB9 /* FirebaseAnalytics */,
				7E8D39C5290FD50C00BE2BB9 /* FirebaseAuth */,
				7E8D39C7290FD50C00BE2BB9 /* FirebaseDatabase */,
				7E8D39CA290FD5A200BE2BB9 /* FacebookLogin */,
				7E8D39CC290FD5A200BE2BB9 /* FacebookShare */,
				7E8D39CF290FD61700BE2BB9 /* SwiftyJSON */,
				7E8D39D2290FDB1C00BE2BB9 /* IQKeyboardManagerSwift */,
			);
			productName = ShoppingApp;
			productReference = 7EB8678C2900335D00502692 /* ShoppingApp.app */;
			productType = "com.apple.product-type.application";
		};
		7EB867A42900336000502692 /* ShoppingAppTests */ = {
			isa = PBXNativeTarget;
			buildConfigurationList = 7EB867BC2900336000502692 /* Build configuration list for PBXNativeTarget "ShoppingAppTests" */;
			buildPhases = (
				AD857396543642F1864F7C62 /* [CP] Check Pods Manifest.lock */,
				7EB867A12900336000502692 /* Sources */,
				7EB867A22900336000502692 /* Frameworks */,
				7EB867A32900336000502692 /* Resources */,
			);
			buildRules = (
			);
			dependencies = (
				7EB867A72900336000502692 /* PBXTargetDependency */,
			);
			name = ShoppingAppTests;
			productName = ShoppingAppTests;
			productReference = 7EB867A52900336000502692 /* ShoppingAppTests.xctest */;
			productType = "com.apple.product-type.bundle.unit-test";
		};
		7EB867AE2900336000502692 /* ShoppingAppUITests */ = {
			isa = PBXNativeTarget;
			buildConfigurationList = 7EB867BF2900336000502692 /* Build configuration list for PBXNativeTarget "ShoppingAppUITests" */;
			buildPhases = (
				9DBE964058178004E8C88180 /* [CP] Check Pods Manifest.lock */,
				7EB867AB2900336000502692 /* Sources */,
				7EB867AC2900336000502692 /* Frameworks */,
				7EB867AD2900336000502692 /* Resources */,
				214FE6D32B50BF0EC29079EC /* [CP] Embed Pods Frameworks */,
			);
			buildRules = (
			);
			dependencies = (
				7EB867B12900336000502692 /* PBXTargetDependency */,
			);
			name = ShoppingAppUITests;
			productName = ShoppingAppUITests;
			productReference = 7EB867AF2900336000502692 /* ShoppingAppUITests.xctest */;
			productType = "com.apple.product-type.bundle.ui-testing";
		};
/* End PBXNativeTarget section */

/* Begin PBXProject section */
		7EB867842900335D00502692 /* Project object */ = {
			isa = PBXProject;
			attributes = {
				BuildIndependentTargetsInParallel = 1;
				LastSwiftUpdateCheck = 1400;
				LastUpgradeCheck = 1400;
				TargetAttributes = {
					7EB8678B2900335D00502692 = {
						CreatedOnToolsVersion = 14.0.1;
					};
					7EB867A42900336000502692 = {
						CreatedOnToolsVersion = 14.0.1;
						TestTargetID = 7EB8678B2900335D00502692;
					};
					7EB867AE2900336000502692 = {
						CreatedOnToolsVersion = 14.0.1;
						TestTargetID = 7EB8678B2900335D00502692;
					};
				};
			};
			buildConfigurationList = 7EB867872900335D00502692 /* Build configuration list for PBXProject "ShoppingApp" */;
			compatibilityVersion = "Xcode 14.0";
			developmentRegion = en;
			hasScannedForEncodings = 0;
			knownRegions = (
				en,
				Base,
			);
			mainGroup = 7EB867832900335D00502692;
			packageReferences = (
				7E8D39C2290FD50C00BE2BB9 /* XCRemoteSwiftPackageReference "firebase-ios-sdk" */,
				7E8D39C9290FD5A200BE2BB9 /* XCRemoteSwiftPackageReference "facebook-ios-sdk" */,
				7E8D39CE290FD61700BE2BB9 /* XCRemoteSwiftPackageReference "SwiftyJSON" */,
				7E8D39D1290FDB1C00BE2BB9 /* XCRemoteSwiftPackageReference "IQKeyboardManager" */,
			);
			productRefGroup = 7EB8678D2900335D00502692 /* Products */;
			projectDirPath = "";
			projectRoot = "";
			targets = (
				7EB8678B2900335D00502692 /* ShoppingApp */,
				7EB867A42900336000502692 /* ShoppingAppTests */,
				7EB867AE2900336000502692 /* ShoppingAppUITests */,
			);
		};
/* End PBXProject section */

/* Begin PBXResourcesBuildPhase section */
		7EB8678A2900335D00502692 /* Resources */ = {
			isa = PBXResourcesBuildPhase;
			buildActionMask = 2147483647;
			files = (
				7EB8679F2900336000502692 /* LaunchScreen.storyboard in Resources */,
				7EB8679C2900336000502692 /* Assets.xcassets in Resources */,
				7EFF1E0C2907C71C002A9F8A /* GoogleService-Info.plist in Resources */,
				7EB867972900335D00502692 /* Main.storyboard in Resources */,
				7EFA9CAB2906A34800BFEA13 /* Category.json in Resources */,
				7EFA9CAD2906A35100BFEA13 /* Products.json in Resources */,
			);
			runOnlyForDeploymentPostprocessing = 0;
		};
		7EB867A32900336000502692 /* Resources */ = {
			isa = PBXResourcesBuildPhase;
			buildActionMask = 2147483647;
			files = (
			);
			runOnlyForDeploymentPostprocessing = 0;
		};
		7EB867AD2900336000502692 /* Resources */ = {
			isa = PBXResourcesBuildPhase;
			buildActionMask = 2147483647;
			files = (
			);
			runOnlyForDeploymentPostprocessing = 0;
		};
/* End PBXResourcesBuildPhase section */

/* Begin PBXShellScriptBuildPhase section */
		214FE6D32B50BF0EC29079EC /* [CP] Embed Pods Frameworks */ = {
			isa = PBXShellScriptBuildPhase;
			buildActionMask = 2147483647;
			files = (
			);
			inputFileListPaths = (
				"${PODS_ROOT}/Target Support Files/Pods-ShoppingApp-ShoppingAppUITests/Pods-ShoppingApp-ShoppingAppUITests-frameworks-${CONFIGURATION}-input-files.xcfilelist",
			);
			name = "[CP] Embed Pods Frameworks";
			outputFileListPaths = (
				"${PODS_ROOT}/Target Support Files/Pods-ShoppingApp-ShoppingAppUITests/Pods-ShoppingApp-ShoppingAppUITests-frameworks-${CONFIGURATION}-output-files.xcfilelist",
			);
			runOnlyForDeploymentPostprocessing = 0;
			shellPath = /bin/sh;
			shellScript = "\"${PODS_ROOT}/Target Support Files/Pods-ShoppingApp-ShoppingAppUITests/Pods-ShoppingApp-ShoppingAppUITests-frameworks.sh\"\n";
			showEnvVarsInLog = 0;
		};
		47A5B0078909E8D9381270F9 /* [CP] Embed Pods Frameworks */ = {
			isa = PBXShellScriptBuildPhase;
			buildActionMask = 2147483647;
			files = (
			);
			inputFileListPaths = (
				"${PODS_ROOT}/Target Support Files/Pods-ShoppingApp/Pods-ShoppingApp-frameworks-${CONFIGURATION}-input-files.xcfilelist",
			);
			name = "[CP] Embed Pods Frameworks";
			outputFileListPaths = (
				"${PODS_ROOT}/Target Support Files/Pods-ShoppingApp/Pods-ShoppingApp-frameworks-${CONFIGURATION}-output-files.xcfilelist",
			);
			runOnlyForDeploymentPostprocessing = 0;
			shellPath = /bin/sh;
			shellScript = "\"${PODS_ROOT}/Target Support Files/Pods-ShoppingApp/Pods-ShoppingApp-frameworks.sh\"\n";
			showEnvVarsInLog = 0;
		};
		9DBE964058178004E8C88180 /* [CP] Check Pods Manifest.lock */ = {
			isa = PBXShellScriptBuildPhase;
			buildActionMask = 2147483647;
			files = (
			);
			inputFileListPaths = (
			);
			inputPaths = (
				"${PODS_PODFILE_DIR_PATH}/Podfile.lock",
				"${PODS_ROOT}/Manifest.lock",
			);
			name = "[CP] Check Pods Manifest.lock";
			outputFileListPaths = (
			);
			outputPaths = (
				"$(DERIVED_FILE_DIR)/Pods-ShoppingApp-ShoppingAppUITests-checkManifestLockResult.txt",
			);
			runOnlyForDeploymentPostprocessing = 0;
			shellPath = /bin/sh;
			shellScript = "diff \"${PODS_PODFILE_DIR_PATH}/Podfile.lock\" \"${PODS_ROOT}/Manifest.lock\" > /dev/null\nif [ $? != 0 ] ; then\n    # print error to STDERR\n    echo \"error: The sandbox is not in sync with the Podfile.lock. Run 'pod install' or update your CocoaPods installation.\" >&2\n    exit 1\nfi\n# This output is used by Xcode 'outputs' to avoid re-running this script phase.\necho \"SUCCESS\" > \"${SCRIPT_OUTPUT_FILE_0}\"\n";
			showEnvVarsInLog = 0;
		};
		AD857396543642F1864F7C62 /* [CP] Check Pods Manifest.lock */ = {
			isa = PBXShellScriptBuildPhase;
			buildActionMask = 2147483647;
			files = (
			);
			inputFileListPaths = (
			);
			inputPaths = (
				"${PODS_PODFILE_DIR_PATH}/Podfile.lock",
				"${PODS_ROOT}/Manifest.lock",
			);
			name = "[CP] Check Pods Manifest.lock";
			outputFileListPaths = (
			);
			outputPaths = (
				"$(DERIVED_FILE_DIR)/Pods-ShoppingAppTests-checkManifestLockResult.txt",
			);
			runOnlyForDeploymentPostprocessing = 0;
			shellPath = /bin/sh;
			shellScript = "diff \"${PODS_PODFILE_DIR_PATH}/Podfile.lock\" \"${PODS_ROOT}/Manifest.lock\" > /dev/null\nif [ $? != 0 ] ; then\n    # print error to STDERR\n    echo \"error: The sandbox is not in sync with the Podfile.lock. Run 'pod install' or update your CocoaPods installation.\" >&2\n    exit 1\nfi\n# This output is used by Xcode 'outputs' to avoid re-running this script phase.\necho \"SUCCESS\" > \"${SCRIPT_OUTPUT_FILE_0}\"\n";
			showEnvVarsInLog = 0;
		};
		EE86760C30A5D17BE11E0CEE /* [CP] Check Pods Manifest.lock */ = {
			isa = PBXShellScriptBuildPhase;
			buildActionMask = 2147483647;
			files = (
			);
			inputFileListPaths = (
			);
			inputPaths = (
				"${PODS_PODFILE_DIR_PATH}/Podfile.lock",
				"${PODS_ROOT}/Manifest.lock",
			);
			name = "[CP] Check Pods Manifest.lock";
			outputFileListPaths = (
			);
			outputPaths = (
				"$(DERIVED_FILE_DIR)/Pods-ShoppingApp-checkManifestLockResult.txt",
			);
			runOnlyForDeploymentPostprocessing = 0;
			shellPath = /bin/sh;
			shellScript = "diff \"${PODS_PODFILE_DIR_PATH}/Podfile.lock\" \"${PODS_ROOT}/Manifest.lock\" > /dev/null\nif [ $? != 0 ] ; then\n    # print error to STDERR\n    echo \"error: The sandbox is not in sync with the Podfile.lock. Run 'pod install' or update your CocoaPods installation.\" >&2\n    exit 1\nfi\n# This output is used by Xcode 'outputs' to avoid re-running this script phase.\necho \"SUCCESS\" > \"${SCRIPT_OUTPUT_FILE_0}\"\n";
			showEnvVarsInLog = 0;
		};
/* End PBXShellScriptBuildPhase section */

/* Begin PBXSourcesBuildPhase section */
		7EB867882900335D00502692 /* Sources */ = {
			isa = PBXSourcesBuildPhase;
			buildActionMask = 2147483647;
			files = (
				7EE53BB0290A871300BE1505 /* Product+CoreDataProperties.swift in Sources */,
				7EFF1E1A2907E590002A9F8A /* LoginViewController.swift in Sources */,
				7E04963D29080B4B00871A10 /* UIStackViewExtension.swift in Sources */,
				7EFA9CA829068BE100BFEA13 /* CategoryCollectionViewCell.swift in Sources */,
				7EE53BB2290BB9FD00BE1505 /* ProfileViewController.swift in Sources */,
				7EE53BAD290A871300BE1505 /* Category+CoreDataClass.swift in Sources */,
				7E5ABDC7290821010072BCD3 /* ProductsCollectionViewCell.swift in Sources */,
				7EFA9CA62906869E00BFEA13 /* HomeViewController.swift in Sources */,
				7EE53BAE290A871300BE1505 /* Category+CoreDataProperties.swift in Sources */,
				7EB8679A2900335D00502692 /* ShoppingApp.xcdatamodeld in Sources */,
				7E8D39D5290FE0F700BE2BB9 /* UITextFieldExtension.swift in Sources */,
				7E8D39D7290FF4DC00BE2BB9 /* registerViewController.swift in Sources */,
				7EB867902900335D00502692 /* AppDelegate.swift in Sources */,
				7EFA9C5F290287A100BFEA13 /* CoreDataManager.swift in Sources */,
				7EB867922900335D00502692 /* SceneDelegate.swift in Sources */,
				7EE53BAF290A871300BE1505 /* Product+CoreDataClass.swift in Sources */,
			);
			runOnlyForDeploymentPostprocessing = 0;
		};
		7EB867A12900336000502692 /* Sources */ = {
			isa = PBXSourcesBuildPhase;
			buildActionMask = 2147483647;
			files = (
				7EB867AA2900336000502692 /* ShoppingAppTests.swift in Sources */,
			);
			runOnlyForDeploymentPostprocessing = 0;
		};
		7EB867AB2900336000502692 /* Sources */ = {
			isa = PBXSourcesBuildPhase;
			buildActionMask = 2147483647;
			files = (
				7EB867B62900336000502692 /* ShoppingAppUITestsLaunchTests.swift in Sources */,
				7EB867B42900336000502692 /* ShoppingAppUITests.swift in Sources */,
			);
			runOnlyForDeploymentPostprocessing = 0;
		};
/* End PBXSourcesBuildPhase section */

/* Begin PBXTargetDependency section */
		7EB867A72900336000502692 /* PBXTargetDependency */ = {
			isa = PBXTargetDependency;
			target = 7EB8678B2900335D00502692 /* ShoppingApp */;
			targetProxy = 7EB867A62900336000502692 /* PBXContainerItemProxy */;
		};
		7EB867B12900336000502692 /* PBXTargetDependency */ = {
			isa = PBXTargetDependency;
			target = 7EB8678B2900335D00502692 /* ShoppingApp */;
			targetProxy = 7EB867B02900336000502692 /* PBXContainerItemProxy */;
		};
/* End PBXTargetDependency section */

/* Begin PBXVariantGroup section */
		7EB867952900335D00502692 /* Main.storyboard */ = {
			isa = PBXVariantGroup;
			children = (
				7EB867962900335D00502692 /* Base */,
			);
			name = Main.storyboard;
			sourceTree = "<group>";
		};
		7EB8679D2900336000502692 /* LaunchScreen.storyboard */ = {
			isa = PBXVariantGroup;
			children = (
				7EB8679E2900336000502692 /* Base */,
			);
			name = LaunchScreen.storyboard;
			sourceTree = "<group>";
		};
/* End PBXVariantGroup section */

/* Begin XCBuildConfiguration section */
		7EB867B72900336000502692 /* Debug */ = {
			isa = XCBuildConfiguration;
			buildSettings = {
				ALWAYS_SEARCH_USER_PATHS = NO;
				CLANG_ANALYZER_NONNULL = YES;
				CLANG_ANALYZER_NUMBER_OBJECT_CONVERSION = YES_AGGRESSIVE;
				CLANG_CXX_LANGUAGE_STANDARD = "gnu++20";
				CLANG_ENABLE_MODULES = YES;
				CLANG_ENABLE_OBJC_ARC = YES;
				CLANG_ENABLE_OBJC_WEAK = YES;
				CLANG_WARN_BLOCK_CAPTURE_AUTORELEASING = YES;
				CLANG_WARN_BOOL_CONVERSION = YES;
				CLANG_WARN_COMMA = YES;
				CLANG_WARN_CONSTANT_CONVERSION = YES;
				CLANG_WARN_DEPRECATED_OBJC_IMPLEMENTATIONS = YES;
				CLANG_WARN_DIRECT_OBJC_ISA_USAGE = YES_ERROR;
				CLANG_WARN_DOCUMENTATION_COMMENTS = YES;
				CLANG_WARN_EMPTY_BODY = YES;
				CLANG_WARN_ENUM_CONVERSION = YES;
				CLANG_WARN_INFINITE_RECURSION = YES;
				CLANG_WARN_INT_CONVERSION = YES;
				CLANG_WARN_NON_LITERAL_NULL_CONVERSION = YES;
				CLANG_WARN_OBJC_IMPLICIT_RETAIN_SELF = YES;
				CLANG_WARN_OBJC_LITERAL_CONVERSION = YES;
				CLANG_WARN_OBJC_ROOT_CLASS = YES_ERROR;
				CLANG_WARN_QUOTED_INCLUDE_IN_FRAMEWORK_HEADER = YES;
				CLANG_WARN_RANGE_LOOP_ANALYSIS = YES;
				CLANG_WARN_STRICT_PROTOTYPES = YES;
				CLANG_WARN_SUSPICIOUS_MOVE = YES;
				CLANG_WARN_UNGUARDED_AVAILABILITY = YES_AGGRESSIVE;
				CLANG_WARN_UNREACHABLE_CODE = YES;
				CLANG_WARN__DUPLICATE_METHOD_MATCH = YES;
				COPY_PHASE_STRIP = NO;
				DEBUG_INFORMATION_FORMAT = dwarf;
				ENABLE_STRICT_OBJC_MSGSEND = YES;
				ENABLE_TESTABILITY = YES;
				GCC_C_LANGUAGE_STANDARD = gnu11;
				GCC_DYNAMIC_NO_PIC = NO;
				GCC_NO_COMMON_BLOCKS = YES;
				GCC_OPTIMIZATION_LEVEL = 0;
				GCC_PREPROCESSOR_DEFINITIONS = (
					"DEBUG=1",
					"$(inherited)",
				);
				GCC_WARN_64_TO_32_BIT_CONVERSION = YES;
				GCC_WARN_ABOUT_RETURN_TYPE = YES_ERROR;
				GCC_WARN_UNDECLARED_SELECTOR = YES;
				GCC_WARN_UNINITIALIZED_AUTOS = YES_AGGRESSIVE;
				GCC_WARN_UNUSED_FUNCTION = YES;
				GCC_WARN_UNUSED_VARIABLE = YES;
				IPHONEOS_DEPLOYMENT_TARGET = 16.0;
				MTL_ENABLE_DEBUG_INFO = INCLUDE_SOURCE;
				MTL_FAST_MATH = YES;
				ONLY_ACTIVE_ARCH = YES;
				SDKROOT = iphoneos;
				SWIFT_ACTIVE_COMPILATION_CONDITIONS = DEBUG;
				SWIFT_OPTIMIZATION_LEVEL = "-Onone";
			};
			name = Debug;
		};
		7EB867B82900336000502692 /* Release */ = {
			isa = XCBuildConfiguration;
			buildSettings = {
				ALWAYS_SEARCH_USER_PATHS = NO;
				CLANG_ANALYZER_NONNULL = YES;
				CLANG_ANALYZER_NUMBER_OBJECT_CONVERSION = YES_AGGRESSIVE;
				CLANG_CXX_LANGUAGE_STANDARD = "gnu++20";
				CLANG_ENABLE_MODULES = YES;
				CLANG_ENABLE_OBJC_ARC = YES;
				CLANG_ENABLE_OBJC_WEAK = YES;
				CLANG_WARN_BLOCK_CAPTURE_AUTORELEASING = YES;
				CLANG_WARN_BOOL_CONVERSION = YES;
				CLANG_WARN_COMMA = YES;
				CLANG_WARN_CONSTANT_CONVERSION = YES;
				CLANG_WARN_DEPRECATED_OBJC_IMPLEMENTATIONS = YES;
				CLANG_WARN_DIRECT_OBJC_ISA_USAGE = YES_ERROR;
				CLANG_WARN_DOCUMENTATION_COMMENTS = YES;
				CLANG_WARN_EMPTY_BODY = YES;
				CLANG_WARN_ENUM_CONVERSION = YES;
				CLANG_WARN_INFINITE_RECURSION = YES;
				CLANG_WARN_INT_CONVERSION = YES;
				CLANG_WARN_NON_LITERAL_NULL_CONVERSION = YES;
				CLANG_WARN_OBJC_IMPLICIT_RETAIN_SELF = YES;
				CLANG_WARN_OBJC_LITERAL_CONVERSION = YES;
				CLANG_WARN_OBJC_ROOT_CLASS = YES_ERROR;
				CLANG_WARN_QUOTED_INCLUDE_IN_FRAMEWORK_HEADER = YES;
				CLANG_WARN_RANGE_LOOP_ANALYSIS = YES;
				CLANG_WARN_STRICT_PROTOTYPES = YES;
				CLANG_WARN_SUSPICIOUS_MOVE = YES;
				CLANG_WARN_UNGUARDED_AVAILABILITY = YES_AGGRESSIVE;
				CLANG_WARN_UNREACHABLE_CODE = YES;
				CLANG_WARN__DUPLICATE_METHOD_MATCH = YES;
				COPY_PHASE_STRIP = NO;
				DEBUG_INFORMATION_FORMAT = "dwarf-with-dsym";
				ENABLE_NS_ASSERTIONS = NO;
				ENABLE_STRICT_OBJC_MSGSEND = YES;
				GCC_C_LANGUAGE_STANDARD = gnu11;
				GCC_NO_COMMON_BLOCKS = YES;
				GCC_WARN_64_TO_32_BIT_CONVERSION = YES;
				GCC_WARN_ABOUT_RETURN_TYPE = YES_ERROR;
				GCC_WARN_UNDECLARED_SELECTOR = YES;
				GCC_WARN_UNINITIALIZED_AUTOS = YES_AGGRESSIVE;
				GCC_WARN_UNUSED_FUNCTION = YES;
				GCC_WARN_UNUSED_VARIABLE = YES;
				IPHONEOS_DEPLOYMENT_TARGET = 16.0;
				MTL_ENABLE_DEBUG_INFO = NO;
				MTL_FAST_MATH = YES;
				SDKROOT = iphoneos;
				SWIFT_COMPILATION_MODE = wholemodule;
				SWIFT_OPTIMIZATION_LEVEL = "-O";
				VALIDATE_PRODUCT = YES;
			};
			name = Release;
		};
		7EB867BA2900336000502692 /* Debug */ = {
			isa = XCBuildConfiguration;
			baseConfigurationReference = 24444BD26EDF7DD4AE3AFDDD /* Pods-ShoppingApp.debug.xcconfig */;
			buildSettings = {
				ASSETCATALOG_COMPILER_APPICON_NAME = AppIcon;
				ASSETCATALOG_COMPILER_GLOBAL_ACCENT_COLOR_NAME = AccentColor;
				CODE_SIGN_ENTITLEMENTS = ShoppingApp/ShoppingApp.entitlements;
				CODE_SIGN_STYLE = Automatic;
				CURRENT_PROJECT_VERSION = 1;
				DEVELOPMENT_TEAM = WD66NF7UM5;
				GENERATE_INFOPLIST_FILE = YES;
				INFOPLIST_FILE = ShoppingApp/Info.plist;
				INFOPLIST_KEY_UIApplicationSupportsIndirectInputEvents = YES;
				INFOPLIST_KEY_UILaunchStoryboardName = LaunchScreen;
				INFOPLIST_KEY_UIMainStoryboardFile = Main;
				INFOPLIST_KEY_UISupportedInterfaceOrientations = UIInterfaceOrientationPortrait;
				INFOPLIST_KEY_UISupportedInterfaceOrientations_iPad = "UIInterfaceOrientationLandscapeLeft UIInterfaceOrientationLandscapeRight UIInterfaceOrientationPortrait UIInterfaceOrientationPortraitUpsideDown";
				LD_RUNPATH_SEARCH_PATHS = (
					"$(inherited)",
					"@executable_path/Frameworks",
				);
				MARKETING_VERSION = 1.0;
				PRODUCT_BUNDLE_IDENTIFIER = com.MenesAgata.ShoppingApp;
				PRODUCT_NAME = "$(TARGET_NAME)";
				SWIFT_EMIT_LOC_STRINGS = YES;
				SWIFT_VERSION = 5.0;
				TARGETED_DEVICE_FAMILY = 1;
			};
			name = Debug;
		};
		7EB867BB2900336000502692 /* Release */ = {
			isa = XCBuildConfiguration;
			baseConfigurationReference = 04E5C7F2D48069BD9FF1F104 /* Pods-ShoppingApp.release.xcconfig */;
			buildSettings = {
				ASSETCATALOG_COMPILER_APPICON_NAME = AppIcon;
				ASSETCATALOG_COMPILER_GLOBAL_ACCENT_COLOR_NAME = AccentColor;
				CODE_SIGN_ENTITLEMENTS = ShoppingApp/ShoppingApp.entitlements;
				CODE_SIGN_STYLE = Automatic;
				CURRENT_PROJECT_VERSION = 1;
				DEVELOPMENT_TEAM = WD66NF7UM5;
				GENERATE_INFOPLIST_FILE = YES;
				INFOPLIST_FILE = ShoppingApp/Info.plist;
				INFOPLIST_KEY_UIApplicationSupportsIndirectInputEvents = YES;
				INFOPLIST_KEY_UILaunchStoryboardName = LaunchScreen;
				INFOPLIST_KEY_UIMainStoryboardFile = Main;
				INFOPLIST_KEY_UISupportedInterfaceOrientations = UIInterfaceOrientationPortrait;
				INFOPLIST_KEY_UISupportedInterfaceOrientations_iPad = "UIInterfaceOrientationLandscapeLeft UIInterfaceOrientationLandscapeRight UIInterfaceOrientationPortrait UIInterfaceOrientationPortraitUpsideDown";
				LD_RUNPATH_SEARCH_PATHS = (
					"$(inherited)",
					"@executable_path/Frameworks",
				);
				MARKETING_VERSION = 1.0;
				PRODUCT_BUNDLE_IDENTIFIER = com.MenesAgata.ShoppingApp;
				PRODUCT_NAME = "$(TARGET_NAME)";
				SWIFT_EMIT_LOC_STRINGS = YES;
				SWIFT_VERSION = 5.0;
				TARGETED_DEVICE_FAMILY = 1;
			};
			name = Release;
		};
		7EB867BD2900336000502692 /* Debug */ = {
			isa = XCBuildConfiguration;
			baseConfigurationReference = 2C0B21B5C400A6D79C20A73B /* Pods-ShoppingAppTests.debug.xcconfig */;
			buildSettings = {
				ALWAYS_EMBED_SWIFT_STANDARD_LIBRARIES = YES;
				BUNDLE_LOADER = "$(TEST_HOST)";
				CODE_SIGN_STYLE = Automatic;
				CURRENT_PROJECT_VERSION = 1;
				DEVELOPMENT_TEAM = WD66NF7UM5;
				GENERATE_INFOPLIST_FILE = YES;
				IPHONEOS_DEPLOYMENT_TARGET = 16.0;
				MARKETING_VERSION = 1.0;
				PRODUCT_BUNDLE_IDENTIFIER = com.MenesAgata.ShoppingAppTests;
				PRODUCT_NAME = "$(TARGET_NAME)";
				SWIFT_EMIT_LOC_STRINGS = NO;
				SWIFT_VERSION = 5.0;
				TARGETED_DEVICE_FAMILY = "1,2";
				TEST_HOST = "$(BUILT_PRODUCTS_DIR)/ShoppingApp.app/$(BUNDLE_EXECUTABLE_FOLDER_PATH)/ShoppingApp";
			};
			name = Debug;
		};
		7EB867BE2900336000502692 /* Release */ = {
			isa = XCBuildConfiguration;
			baseConfigurationReference = 62FE1A9FFFCE073C694D3473 /* Pods-ShoppingAppTests.release.xcconfig */;
			buildSettings = {
				ALWAYS_EMBED_SWIFT_STANDARD_LIBRARIES = YES;
				BUNDLE_LOADER = "$(TEST_HOST)";
				CODE_SIGN_STYLE = Automatic;
				CURRENT_PROJECT_VERSION = 1;
				DEVELOPMENT_TEAM = WD66NF7UM5;
				GENERATE_INFOPLIST_FILE = YES;
				IPHONEOS_DEPLOYMENT_TARGET = 16.0;
				MARKETING_VERSION = 1.0;
				PRODUCT_BUNDLE_IDENTIFIER = com.MenesAgata.ShoppingAppTests;
				PRODUCT_NAME = "$(TARGET_NAME)";
				SWIFT_EMIT_LOC_STRINGS = NO;
				SWIFT_VERSION = 5.0;
				TARGETED_DEVICE_FAMILY = "1,2";
				TEST_HOST = "$(BUILT_PRODUCTS_DIR)/ShoppingApp.app/$(BUNDLE_EXECUTABLE_FOLDER_PATH)/ShoppingApp";
			};
			name = Release;
		};
		7EB867C02900336000502692 /* Debug */ = {
			isa = XCBuildConfiguration;
			baseConfigurationReference = B80F8CA8C702BEEEC56E86A5 /* Pods-ShoppingApp-ShoppingAppUITests.debug.xcconfig */;
			buildSettings = {
				ALWAYS_EMBED_SWIFT_STANDARD_LIBRARIES = YES;
				CODE_SIGN_STYLE = Automatic;
				CURRENT_PROJECT_VERSION = 1;
				DEVELOPMENT_TEAM = WD66NF7UM5;
				GENERATE_INFOPLIST_FILE = YES;
				MARKETING_VERSION = 1.0;
				PRODUCT_BUNDLE_IDENTIFIER = com.MenesAgata.ShoppingAppUITests;
				PRODUCT_NAME = "$(TARGET_NAME)";
				SWIFT_EMIT_LOC_STRINGS = NO;
				SWIFT_VERSION = 5.0;
				TARGETED_DEVICE_FAMILY = "1,2";
				TEST_TARGET_NAME = ShoppingApp;
			};
			name = Debug;
		};
		7EB867C12900336000502692 /* Release */ = {
			isa = XCBuildConfiguration;
			baseConfigurationReference = C816DDD161D4C58D352ED500 /* Pods-ShoppingApp-ShoppingAppUITests.release.xcconfig */;
			buildSettings = {
				ALWAYS_EMBED_SWIFT_STANDARD_LIBRARIES = YES;
				CODE_SIGN_STYLE = Automatic;
				CURRENT_PROJECT_VERSION = 1;
				DEVELOPMENT_TEAM = WD66NF7UM5;
				GENERATE_INFOPLIST_FILE = YES;
				MARKETING_VERSION = 1.0;
				PRODUCT_BUNDLE_IDENTIFIER = com.MenesAgata.ShoppingAppUITests;
				PRODUCT_NAME = "$(TARGET_NAME)";
				SWIFT_EMIT_LOC_STRINGS = NO;
				SWIFT_VERSION = 5.0;
				TARGETED_DEVICE_FAMILY = "1,2";
				TEST_TARGET_NAME = ShoppingApp;
			};
			name = Release;
		};
/* End XCBuildConfiguration section */

/* Begin XCConfigurationList section */
		7EB867872900335D00502692 /* Build configuration list for PBXProject "ShoppingApp" */ = {
			isa = XCConfigurationList;
			buildConfigurations = (
				7EB867B72900336000502692 /* Debug */,
				7EB867B82900336000502692 /* Release */,
			);
			defaultConfigurationIsVisible = 0;
			defaultConfigurationName = Release;
		};
		7EB867B92900336000502692 /* Build configuration list for PBXNativeTarget "ShoppingApp" */ = {
			isa = XCConfigurationList;
			buildConfigurations = (
				7EB867BA2900336000502692 /* Debug */,
				7EB867BB2900336000502692 /* Release */,
			);
			defaultConfigurationIsVisible = 0;
			defaultConfigurationName = Release;
		};
		7EB867BC2900336000502692 /* Build configuration list for PBXNativeTarget "ShoppingAppTests" */ = {
			isa = XCConfigurationList;
			buildConfigurations = (
				7EB867BD2900336000502692 /* Debug */,
				7EB867BE2900336000502692 /* Release */,
			);
			defaultConfigurationIsVisible = 0;
			defaultConfigurationName = Release;
		};
		7EB867BF2900336000502692 /* Build configuration list for PBXNativeTarget "ShoppingAppUITests" */ = {
			isa = XCConfigurationList;
			buildConfigurations = (
				7EB867C02900336000502692 /* Debug */,
				7EB867C12900336000502692 /* Release */,
			);
			defaultConfigurationIsVisible = 0;
			defaultConfigurationName = Release;
		};
/* End XCConfigurationList section */

/* Begin XCRemoteSwiftPackageReference section */
		7E8D39C2290FD50C00BE2BB9 /* XCRemoteSwiftPackageReference "firebase-ios-sdk" */ = {
			isa = XCRemoteSwiftPackageReference;
			repositoryURL = "https://github.com/firebase/firebase-ios-sdk.git";
			requirement = {
				kind = upToNextMajorVersion;
				minimumVersion = 9.0.0;
			};
		};
		7E8D39C9290FD5A200BE2BB9 /* XCRemoteSwiftPackageReference "facebook-ios-sdk" */ = {
			isa = XCRemoteSwiftPackageReference;
			repositoryURL = "https://github.com/facebook/facebook-ios-sdk";
			requirement = {
				kind = upToNextMajorVersion;
				minimumVersion = 9.0.0;
			};
		};
		7E8D39CE290FD61700BE2BB9 /* XCRemoteSwiftPackageReference "SwiftyJSON" */ = {
			isa = XCRemoteSwiftPackageReference;
			repositoryURL = "https://github.com/SwiftyJSON/SwiftyJSON.git";
			requirement = {
				kind = upToNextMajorVersion;
				minimumVersion = 5.0.0;
			};
		};
		7E8D39D1290FDB1C00BE2BB9 /* XCRemoteSwiftPackageReference "IQKeyboardManager" */ = {
			isa = XCRemoteSwiftPackageReference;
			repositoryURL = "https://github.com/hackiftekhar/IQKeyboardManager.git";
			requirement = {
				kind = exactVersion;
				version = 6.5.0;
			};
		};
/* End XCRemoteSwiftPackageReference section */

/* Begin XCSwiftPackageProductDependency section */
		7E8D39C3290FD50C00BE2BB9 /* FirebaseAnalytics */ = {
			isa = XCSwiftPackageProductDependency;
			package = 7E8D39C2290FD50C00BE2BB9 /* XCRemoteSwiftPackageReference "firebase-ios-sdk" */;
			productName = FirebaseAnalytics;
		};
		7E8D39C5290FD50C00BE2BB9 /* FirebaseAuth */ = {
			isa = XCSwiftPackageProductDependency;
			package = 7E8D39C2290FD50C00BE2BB9 /* XCRemoteSwiftPackageReference "firebase-ios-sdk" */;
			productName = FirebaseAuth;
		};
		7E8D39C7290FD50C00BE2BB9 /* FirebaseDatabase */ = {
			isa = XCSwiftPackageProductDependency;
			package = 7E8D39C2290FD50C00BE2BB9 /* XCRemoteSwiftPackageReference "firebase-ios-sdk" */;
			productName = FirebaseDatabase;
		};
		7E8D39CA290FD5A200BE2BB9 /* FacebookLogin */ = {
			isa = XCSwiftPackageProductDependency;
			package = 7E8D39C9290FD5A200BE2BB9 /* XCRemoteSwiftPackageReference "facebook-ios-sdk" */;
			productName = FacebookLogin;
		};
		7E8D39CC290FD5A200BE2BB9 /* FacebookShare */ = {
			isa = XCSwiftPackageProductDependency;
			package = 7E8D39C9290FD5A200BE2BB9 /* XCRemoteSwiftPackageReference "facebook-ios-sdk" */;
			productName = FacebookShare;
		};
		7E8D39CF290FD61700BE2BB9 /* SwiftyJSON */ = {
			isa = XCSwiftPackageProductDependency;
			package = 7E8D39CE290FD61700BE2BB9 /* XCRemoteSwiftPackageReference "SwiftyJSON" */;
			productName = SwiftyJSON;
		};
		7E8D39D2290FDB1C00BE2BB9 /* IQKeyboardManagerSwift */ = {
			isa = XCSwiftPackageProductDependency;
			package = 7E8D39D1290FDB1C00BE2BB9 /* XCRemoteSwiftPackageReference "IQKeyboardManager" */;
			productName = IQKeyboardManagerSwift;
		};
/* End XCSwiftPackageProductDependency section */

/* Begin XCVersionGroup section */
		7EB867982900335D00502692 /* ShoppingApp.xcdatamodeld */ = {
			isa = XCVersionGroup;
			children = (
				7EB867992900335D00502692 /* ShoppingApp.xcdatamodel */,
			);
			currentVersion = 7EB867992900335D00502692 /* ShoppingApp.xcdatamodel */;
			path = ShoppingApp.xcdatamodeld;
			sourceTree = "<group>";
			versionGroupType = wrapper.xcdatamodel;
		};
/* End XCVersionGroup section */
	};
	rootObject = 7EB867842900335D00502692 /* Project object */;
}
